
Microsoft Visual Studio Solution File, Format Version 12.00
# Visual Studio 14
VisualStudioVersion = 14.0.23107.0
MinimumVisualStudioVersion = 10.0.40219.1
Project("{FAE04EC0-301F-11D3-BF4B-00C04F79EFBC}") = "Sym17.Web", "Sym17.Web\Sym17.Web.csproj", "{DCC9FFB5-1CA0-4A73-B090-96F7733CA55A}"
EndProject
Project("{FAE04EC0-301F-11D3-BF4B-00C04F79EFBC}") = "Sym17.XModelSerializer", "Sym17.XModelSerializer\Sym17.XModelSerializer.csproj", "{5CE0651D-91C9-4399-B813-C21065D03DE9}"
EndProject
Project("{FAE04EC0-301F-11D3-BF4B-00C04F79EFBC}") = "Sym17.Web.Demo", "Sym17.Web.Demo\Sym17.Web.Demo.csproj", "{3913363B-32E2-490E-8529-175144608E16}"
EndProject
Global
	GlobalSection(SolutionConfigurationPlatforms) = preSolution
		Debug|Any CPU = Debug|Any CPU
		Release|Any CPU = Release|Any CPU
	EndGlobalSection
	GlobalSection(ProjectConfigurationPlatforms) = postSolution
		{DCC9FFB5-1CA0-4A73-B090-96F7733CA55A}.Debug|Any CPU.ActiveCfg = Debug|Any CPU
		{DCC9FFB5-1CA0-4A73-B090-96F7733CA55A}.Debug|Any CPU.Build.0 = Debug|Any CPU
		{DCC9FFB5-1CA0-4A73-B090-96F7733CA55A}.Release|Any CPU.ActiveCfg = Release|Any CPU
		{DCC9FFB5-1CA0-4A73-B090-96F7733CA55A}.Release|Any CPU.Build.0 = Release|Any CPU
		{5CE0651D-91C9-4399-B813-C21065D03DE9}.Debug|Any CPU.ActiveCfg = Debug|Any CPU
		{5CE0651D-91C9-4399-B813-C21065D03DE9}.Debug|Any CPU.Build.0 = Debug|Any CPU
		{5CE0651D-91C9-4399-B813-C21065D03DE9}.Release|Any CPU.ActiveCfg = Release|Any CPU
		{5CE0651D-91C9-4399-B813-C21065D03DE9}.Release|Any CPU.Build.0 = Release|Any CPU
		{3913363B-32E2-490E-8529-175144608E16}.Debug|Any CPU.ActiveCfg = Debug|Any CPU
		{3913363B-32E2-490E-8529-175144608E16}.Debug|Any CPU.Build.0 = Debug|Any CPU
		{3913363B-32E2-490E-8529-175144608E16}.Release|Any CPU.ActiveCfg = Release|Any CPU
		{3913363B-32E2-490E-8529-175144608E16}.Release|Any CPU.Build.0 = Release|Any CPU
	EndGlobalSection
	GlobalSection(SolutionProperties) = preSolution
		HideSolutionNode = FALSE
	EndGlobalSection
EndGlobal
